<?xml version="1.0" encoding="utf-8"?>
<Project ToolsVersion="4.0" xmlns="http://schemas.microsoft.com/developer/msbuild/2003">
  <ItemGroup>
    <ClCompile Include="ChildProcess.cpp" />
    <ClCompile Include="DirectoryMonitor.cpp" />
    <ClCompile Include="KeyLoggerThread.cpp" />
    <ClCompile Include="Settings.cpp" />
    <ClCompile Include="stdafx.cpp" />
    <ClCompile Include="Support.cpp" />
    <ClCompile Include="Utility.cpp" />
    <ClCompile Include="UIforETW.cpp" />
    <ClCompile Include="UIforETWDlg.cpp" />
    <ClCompile Include="WorkingSet.cpp" />
  </ItemGroup>
  <ItemGroup>
    <ClInclude Include="About.h" />
    <ClInclude Include="ChildProcess.h" />
    <ClInclude Include="DirectoryMonitor.h" />
    <ClInclude Include="KeyLoggerThread.h" />
    <ClInclude Include="Resource.h" />
    <ClInclude Include="Settings.h" />
    <ClInclude Include="stdafx.h" />
    <ClInclude Include="targetver.h" />
    <ClInclude Include="Utility.h" />
    <ClInclude Include="UIforETW.h" />
    <ClInclude Include="UIforETWDlg.h" />
    <ClInclude Include="WorkingSet.h" />
  </ItemGroup>
  <ItemGroup>
    <ResourceCompile Include="UIforETW.rc" />
  </ItemGroup>
  <ItemGroup>
    <Image Include="res\UIforETW.ico" />
  </ItemGroup>
  <ItemGroup>
    <None Include="res\UIforETW.rc2" />
  </ItemGroup>
  <ItemGroup>
    <Text Include="ReadMe.txt" />
  </ItemGroup>
</Project>