<?xml version="1.0" encoding="utf-8"?>
<Project ToolsVersion="4.0" xmlns="http://schemas.microsoft.com/developer/msbuild/2003">
  <ItemGroup>
    <Filter Include="Source Files">
      <UniqueIdentifier>{4FC737F1-C7A5-4376-A066-2A32D752A2FF}</UniqueIdentifier>
      <Extensions>cpp;c;cc;cxx;def;odl;idl;hpj;bat;asm;asmx</Extensions>
    </Filter>
    <Filter Include="Header Files">
      <UniqueIdentifier>{93995380-89BD-4b04-88EB-625FBE52EBFB}</UniqueIdentifier>
      <Extensions>h;hh;hpp;hxx;hm;inl;inc;xsd</Extensions>
    </Filter>
    <Filter Include="Resource Files">
      <UniqueIdentifier>{67DA6AB6-F800-4c08-8B7A-83BB121AAD01}</UniqueIdentifier>
      <Extensions>rc;ico;cur;bmp;dlg;rc2;rct;bin;rgs;gif;jpg;jpeg;jpe;resx;tiff;tif;png;wav;mfcribbon-ms</Extensions>
    </Filter>
  </ItemGroup>
  <ItemGroup>
    <ClInclude Include="base.h">
      <Filter>Header Files</Filter>
    </ClInclude>
    <ClInclude Include="binary_search.h">
      <Filter>Header Files</Filter>
    </ClInclude>
    <ClInclude Include="child_process.h">
      <Filter>Header Files</Filter>
    </ClInclude>
    <ClInclude Include="command_line.h">
      <Filter>Header Files</Filter>
    </ClInclude>
    <ClInclude Include="error_string.h">
      <Filter>Header Files</Filter>
    </ClInclude>
    <ClInclude Include="file.h">
      <Filter>Header Files</Filter>
    </ClInclude>
    <ClInclude Include="history.h">
      <Filter>Header Files</Filter>
    </ClInclude>
    <ClInclude Include="logging.h">
      <Filter>Header Files</Filter>
    </ClInclude>
    <ClInclude Include="numeric_conversions.h">
      <Filter>Header Files</Filter>
    </ClInclude>
    <ClInclude Include="string_utils.h">
      <Filter>Header Files</Filter>
    </ClInclude>
    <ClInclude Include="types.h">
      <Filter>Header Files</Filter>
    </ClInclude>
  </ItemGroup>
  <ItemGroup>
    <ClCompile Include="child_process.cc">
      <Filter>Source Files</Filter>
    </ClCompile>
    <ClCompile Include="command_line.cc">
      <Filter>Source Files</Filter>
    </ClCompile>
    <ClCompile Include="error_string.cc">
      <Filter>Source Files</Filter>
    </ClCompile>
    <ClCompile Include="file.cc">
      <Filter>Source Files</Filter>
    </ClCompile>
    <ClCompile Include="logging.cc">
      <Filter>Source Files</Filter>
    </ClCompile>
    <ClCompile Include="numeric_conversions.cc">
      <Filter>Source Files</Filter>
    </ClCompile>
    <ClCompile Include="string_utils.cc">
      <Filter>Source Files</Filter>
    </ClCompile>
  </ItemGroup>
</Project>