
Microsoft Visual Studio Solution File, Format Version 12.00
# Visual Studio Version 17
VisualStudioVersion = 17.0.31919.166
MinimumVisualStudioVersion = 10.0.40219.1
Project("{FAE04EC0-301F-11D3-BF4B-00C04F79EFBC}") = "IdentifyChromeProcesses", "IdentifyChromeProcesses\IdentifyChromeProcesses.csproj", "{42AC0C9A-BBE7-4C8E-BB00-84D9C9FC8EE3}"
EndProject
Project("{FAE04EC0-301F-11D3-BF4B-00C04F79EFBC}") = "CPUSummary", "CPUSummary\CPUSummary.csproj", "{C670C694-74AF-46AE-9861-005B14510DB4}"
EndProject
Project("{FAE04EC0-301F-11D3-BF4B-00C04F79EFBC}") = "HeapSnapshotCompare", "HeapSnapshotCompare\HeapSnapshotCompare.csproj", "{96201BE4-B511-49A3-A98D-537B77E054C6}"
EndProject
Project("{FAE04EC0-301F-11D3-BF4B-00C04F79EFBC}") = "VideoConfCPUCounters", "VideoConfCPUCounters\VideoConfCPUCounters.csproj", "{C37B7893-D2B9-4DA1-835C-04339B38BFF7}"
EndProject
Project("{9A19103F-16F7-4668-BE54-9A1E7A4F7556}") = "IdleWakeups", "IdleWakeups\IdleWakeups.csproj", "{3CD706EF-50E6-46EF-BF11-3AFB86C57E10}"
EndProject
Global
	GlobalSection(SolutionConfigurationPlatforms) = preSolution
		Debug|Any CPU = Debug|Any CPU
		Debug|x64 = Debug|x64
		Debug|x86 = Debug|x86
		Release|Any CPU = Release|Any CPU
		Release|x64 = Release|x64
		Release|x86 = Release|x86
	EndGlobalSection
	GlobalSection(ProjectConfigurationPlatforms) = postSolution
		{42AC0C9A-BBE7-4C8E-BB00-84D9C9FC8EE3}.Debug|Any CPU.ActiveCfg = Debug|Any CPU
		{42AC0C9A-BBE7-4C8E-BB00-84D9C9FC8EE3}.Debug|Any CPU.Build.0 = Debug|Any CPU
		{42AC0C9A-BBE7-4C8E-BB00-84D9C9FC8EE3}.Debug|x64.ActiveCfg = Debug|Any CPU
		{42AC0C9A-BBE7-4C8E-BB00-84D9C9FC8EE3}.Debug|x64.Build.0 = Debug|Any CPU
		{42AC0C9A-BBE7-4C8E-BB00-84D9C9FC8EE3}.Debug|x86.ActiveCfg = Debug|Any CPU
		{42AC0C9A-BBE7-4C8E-BB00-84D9C9FC8EE3}.Debug|x86.Build.0 = Debug|Any CPU
		{42AC0C9A-BBE7-4C8E-BB00-84D9C9FC8EE3}.Release|Any CPU.ActiveCfg = Release|Any CPU
		{42AC0C9A-BBE7-4C8E-BB00-84D9C9FC8EE3}.Release|Any CPU.Build.0 = Release|Any CPU
		{42AC0C9A-BBE7-4C8E-BB00-84D9C9FC8EE3}.Release|x64.ActiveCfg = Release|Any CPU
		{42AC0C9A-BBE7-4C8E-BB00-84D9C9FC8EE3}.Release|x64.Build.0 = Release|Any CPU
		{42AC0C9A-BBE7-4C8E-BB00-84D9C9FC8EE3}.Release|x86.ActiveCfg = Release|Any CPU
		{42AC0C9A-BBE7-4C8E-BB00-84D9C9FC8EE3}.Release|x86.Build.0 = Release|Any CPU
		{C670C694-74AF-46AE-9861-005B14510DB4}.Debug|Any CPU.ActiveCfg = Debug|Any CPU
		{C670C694-74AF-46AE-9861-005B14510DB4}.Debug|Any CPU.Build.0 = Debug|Any CPU
		{C670C694-74AF-46AE-9861-005B14510DB4}.Debug|x64.ActiveCfg = Debug|Any CPU
		{C670C694-74AF-46AE-9861-005B14510DB4}.Debug|x64.Build.0 = Debug|Any CPU
		{C670C694-74AF-46AE-9861-005B14510DB4}.Debug|x86.ActiveCfg = Debug|Any CPU
		{C670C694-74AF-46AE-9861-005B14510DB4}.Debug|x86.Build.0 = Debug|Any CPU
		{C670C694-74AF-46AE-9861-005B14510DB4}.Release|Any CPU.ActiveCfg = Release|Any CPU
		{C670C694-74AF-46AE-9861-005B14510DB4}.Release|Any CPU.Build.0 = Release|Any CPU
		{C670C694-74AF-46AE-9861-005B14510DB4}.Release|x64.ActiveCfg = Release|Any CPU
		{C670C694-74AF-46AE-9861-005B14510DB4}.Release|x64.Build.0 = Release|Any CPU
		{C670C694-74AF-46AE-9861-005B14510DB4}.Release|x86.ActiveCfg = Release|Any CPU
		{C670C694-74AF-46AE-9861-005B14510DB4}.Release|x86.Build.0 = Release|Any CPU
		{96201BE4-B511-49A3-A98D-537B77E054C6}.Debug|Any CPU.ActiveCfg = Debug|Any CPU
		{96201BE4-B511-49A3-A98D-537B77E054C6}.Debug|Any CPU.Build.0 = Debug|Any CPU
		{96201BE4-B511-49A3-A98D-537B77E054C6}.Debug|x64.ActiveCfg = Debug|Any CPU
		{96201BE4-B511-49A3-A98D-537B77E054C6}.Debug|x64.Build.0 = Debug|Any CPU
		{96201BE4-B511-49A3-A98D-537B77E054C6}.Debug|x86.ActiveCfg = Debug|Any CPU
		{96201BE4-B511-49A3-A98D-537B77E054C6}.Debug|x86.Build.0 = Debug|Any CPU
		{96201BE4-B511-49A3-A98D-537B77E054C6}.Release|Any CPU.ActiveCfg = Release|Any CPU
		{96201BE4-B511-49A3-A98D-537B77E054C6}.Release|Any CPU.Build.0 = Release|Any CPU
		{96201BE4-B511-49A3-A98D-537B77E054C6}.Release|x64.ActiveCfg = Release|Any CPU
		{96201BE4-B511-49A3-A98D-537B77E054C6}.Release|x64.Build.0 = Release|Any CPU
		{96201BE4-B511-49A3-A98D-537B77E054C6}.Release|x86.ActiveCfg = Release|Any CPU
		{96201BE4-B511-49A3-A98D-537B77E054C6}.Release|x86.Build.0 = Release|Any CPU
		{C37B7893-D2B9-4DA1-835C-04339B38BFF7}.Debug|Any CPU.ActiveCfg = Debug|Any CPU
		{C37B7893-D2B9-4DA1-835C-04339B38BFF7}.Debug|Any CPU.Build.0 = Debug|Any CPU
		{C37B7893-D2B9-4DA1-835C-04339B38BFF7}.Debug|x64.ActiveCfg = Debug|Any CPU
		{C37B7893-D2B9-4DA1-835C-04339B38BFF7}.Debug|x64.Build.0 = Debug|Any CPU
		{C37B7893-D2B9-4DA1-835C-04339B38BFF7}.Debug|x86.ActiveCfg = Debug|Any CPU
		{C37B7893-D2B9-4DA1-835C-04339B38BFF7}.Debug|x86.Build.0 = Debug|Any CPU
		{C37B7893-D2B9-4DA1-835C-04339B38BFF7}.Release|Any CPU.ActiveCfg = Release|Any CPU
		{C37B7893-D2B9-4DA1-835C-04339B38BFF7}.Release|Any CPU.Build.0 = Release|Any CPU
		{C37B7893-D2B9-4DA1-835C-04339B38BFF7}.Release|x64.ActiveCfg = Release|Any CPU
		{C37B7893-D2B9-4DA1-835C-04339B38BFF7}.Release|x64.Build.0 = Release|Any CPU
		{C37B7893-D2B9-4DA1-835C-04339B38BFF7}.Release|x86.ActiveCfg = Release|Any CPU
		{C37B7893-D2B9-4DA1-835C-04339B38BFF7}.Release|x86.Build.0 = Release|Any CPU
		{3CD706EF-50E6-46EF-BF11-3AFB86C57E10}.Debug|Any CPU.ActiveCfg = Debug|Any CPU
		{3CD706EF-50E6-46EF-BF11-3AFB86C57E10}.Debug|Any CPU.Build.0 = Debug|Any CPU
		{3CD706EF-50E6-46EF-BF11-3AFB86C57E10}.Debug|x64.ActiveCfg = Debug|Any CPU
		{3CD706EF-50E6-46EF-BF11-3AFB86C57E10}.Debug|x64.Build.0 = Debug|Any CPU
		{3CD706EF-50E6-46EF-BF11-3AFB86C57E10}.Debug|x86.ActiveCfg = Debug|Any CPU
		{3CD706EF-50E6-46EF-BF11-3AFB86C57E10}.Debug|x86.Build.0 = Debug|Any CPU
		{3CD706EF-50E6-46EF-BF11-3AFB86C57E10}.Release|Any CPU.ActiveCfg = Release|Any CPU
		{3CD706EF-50E6-46EF-BF11-3AFB86C57E10}.Release|Any CPU.Build.0 = Release|Any CPU
		{3CD706EF-50E6-46EF-BF11-3AFB86C57E10}.Release|x64.ActiveCfg = Release|Any CPU
		{3CD706EF-50E6-46EF-BF11-3AFB86C57E10}.Release|x64.Build.0 = Release|Any CPU
		{3CD706EF-50E6-46EF-BF11-3AFB86C57E10}.Release|x86.ActiveCfg = Release|Any CPU
		{3CD706EF-50E6-46EF-BF11-3AFB86C57E10}.Release|x86.Build.0 = Release|Any CPU
	EndGlobalSection
	GlobalSection(SolutionProperties) = preSolution
		HideSolutionNode = FALSE
	EndGlobalSection
	GlobalSection(ExtensibilityGlobals) = postSolution
		SolutionGuid = {42FB1B10-8E84-4E8A-AC89-4FB18B9FA2C4}
	EndGlobalSection
EndGlobal
